// !$*UTF8*$!
{
	archiveVersion = 1;
	classes = {
	};
	objectVersion = 77;
	objects = {

/* Begin PBXBuildFile section */
		046EBBA1212022CB6C32C65F /* PersistentStore.swift in Sources */ = {isa = PBXBuildFile; fileRef = A474E43D45B45FB1EF3651F5 /* PersistentStore.swift */; };
		04AB23EFFF525824EFB20F71 /* StartPane.swift in Sources */ = {isa = PBXBuildFile; fileRef = 89C65E31E1856722F51F9E6C /* StartPane.swift */; };
		1851AEF92B3D5F3241751947 /* CategoryPane.swift in Sources */ = {isa = PBXBuildFile; fileRef = B0464D2FB8A74F296BBB839F /* CategoryPane.swift */; };
		1E9352B7418FB36F1B9CF0CA /* Vote.swift in Sources */ = {isa = PBXBuildFile; fileRef = 50EF52634696C08EDA6ADA77 /* Vote.swift */; };
		2500C38364594D5F10065AA6 /* AssessmentState.swift in Sources */ = {isa = PBXBuildFile; fileRef = 75922D18E06013726A0BB6CC /* AssessmentState.swift */; };
		29D4AA7EED9859E540FEB728 /* ContentView.swift in Sources */ = {isa = PBXBuildFile; fileRef = 7E8B24D773C63A2B977B95F5 /* ContentView.swift */; };
		41F22DB4CE84BEE927E889F4 /* TokenView.swift in Sources */ = {isa = PBXBuildFile; fileRef = 5E22EA7E53A562E81A43FCDE /* TokenView.swift */; };
		610CD038614546EFDDF4CCD2 /* SummaryPane.swift in Sources */ = {isa = PBXBuildFile; fileRef = D531CF49E7B6687116CCAE9F /* SummaryPane.swift */; };
		63DF5874B88878C608E38784 /* Category.swift in Sources */ = {isa = PBXBuildFile; fileRef = 424ABB26B99014DE7C832CBF /* Category.swift */; };
		6BA66BA76F294D4504B7760D /* ScoreCapsule.swift in Sources */ = {isa = PBXBuildFile; fileRef = CA022B48AF17F823F095AAF2 /* ScoreCapsule.swift */; };
		D2864C1D797332AC2464D7DB /* Assets.xcassets in Resources */ = {isa = PBXBuildFile; fileRef = BB9A6ED9479E65BF33978187 /* Assets.xcassets */; };
		D8746EE3F72A343C393AB287 /* ScoreColor.swift in Sources */ = {isa = PBXBuildFile; fileRef = D06774ABB4C77748103129B2 /* ScoreColor.swift */; };
		F611B39135DEA5AD93424FAB /* RiskApp.swift in Sources */ = {isa = PBXBuildFile; fileRef = D006EA5FC0A53B6D08B2C61E /* RiskApp.swift */; };
		F62CCFB7BAE29582822084EC /* DropZoneView.swift in Sources */ = {isa = PBXBuildFile; fileRef = 505376EC7E280B4248A8E64F /* DropZoneView.swift */; };
/* End PBXBuildFile section */

/* Begin PBXFileReference section */
		424ABB26B99014DE7C832CBF /* Category.swift */ = {isa = PBXFileReference; lastKnownFileType = sourcecode.swift; path = Category.swift; sourceTree = "<group>"; };
		505376EC7E280B4248A8E64F /* DropZoneView.swift */ = {isa = PBXFileReference; lastKnownFileType = sourcecode.swift; path = DropZoneView.swift; sourceTree = "<group>"; };
		50EF52634696C08EDA6ADA77 /* Vote.swift */ = {isa = PBXFileReference; lastKnownFileType = sourcecode.swift; path = Vote.swift; sourceTree = "<group>"; };
		5899B1EB2FB5B4610CF9E8C0 /* Risk.app */ = {isa = PBXFileReference; includeInIndex = 0; lastKnownFileType = wrapper.application; path = Risk.app; sourceTree = BUILT_PRODUCTS_DIR; };
		5E22EA7E53A562E81A43FCDE /* TokenView.swift */ = {isa = PBXFileReference; lastKnownFileType = sourcecode.swift; path = TokenView.swift; sourceTree = "<group>"; };
		75922D18E06013726A0BB6CC /* AssessmentState.swift */ = {isa = PBXFileReference; lastKnownFileType = sourcecode.swift; path = AssessmentState.swift; sourceTree = "<group>"; };
		7E8B24D773C63A2B977B95F5 /* ContentView.swift */ = {isa = PBXFileReference; lastKnownFileType = sourcecode.swift; path = ContentView.swift; sourceTree = "<group>"; };
		89C65E31E1856722F51F9E6C /* StartPane.swift */ = {isa = PBXFileReference; lastKnownFileType = sourcecode.swift; path = StartPane.swift; sourceTree = "<group>"; };
		A474E43D45B45FB1EF3651F5 /* PersistentStore.swift */ = {isa = PBXFileReference; lastKnownFileType = sourcecode.swift; path = PersistentStore.swift; sourceTree = "<group>"; };
		B0464D2FB8A74F296BBB839F /* CategoryPane.swift */ = {isa = PBXFileReference; lastKnownFileType = sourcecode.swift; path = CategoryPane.swift; sourceTree = "<group>"; };
		BB9A6ED9479E65BF33978187 /* Assets.xcassets */ = {isa = PBXFileReference; lastKnownFileType = folder.assetcatalog; path = Assets.xcassets; sourceTree = "<group>"; };
		CA022B48AF17F823F095AAF2 /* ScoreCapsule.swift */ = {isa = PBXFileReference; lastKnownFileType = sourcecode.swift; path = ScoreCapsule.swift; sourceTree = "<group>"; };
		D006EA5FC0A53B6D08B2C61E /* RiskApp.swift */ = {isa = PBXFileReference; lastKnownFileType = sourcecode.swift; path = RiskApp.swift; sourceTree = "<group>"; };
		D06774ABB4C77748103129B2 /* ScoreColor.swift */ = {isa = PBXFileReference; lastKnownFileType = sourcecode.swift; path = ScoreColor.swift; sourceTree = "<group>"; };
		D531CF49E7B6687116CCAE9F /* SummaryPane.swift */ = {isa = PBXFileReference; lastKnownFileType = sourcecode.swift; path = SummaryPane.swift; sourceTree = "<group>"; };
/* End PBXFileReference section */

/* Begin PBXGroup section */
		04BEF99000E92027E3C64B57 /* Risk */ = {
			isa = PBXGroup;
			children = (
				CD39909933F4C4AD47B9E20D /* Model */,
				EE03D19C6638C77ED2188DB4 /* Views */,
				BB9A6ED9479E65BF33978187 /* Assets.xcassets */,
				7E8B24D773C63A2B977B95F5 /* ContentView.swift */,
				D006EA5FC0A53B6D08B2C61E /* RiskApp.swift */,
			);
			path = Risk;
			sourceTree = "<group>";
		};
		90A977492A29CBF4C1A86AC5 = {
			isa = PBXGroup;
			children = (
				04BEF99000E92027E3C64B57 /* Risk */,
				E08324CEA094E528816D0572 /* Products */,
			);
			sourceTree = "<group>";
		};
		CD39909933F4C4AD47B9E20D /* Model */ = {
			isa = PBXGroup;
			children = (
				75922D18E06013726A0BB6CC /* AssessmentState.swift */,
				424ABB26B99014DE7C832CBF /* Category.swift */,
				A474E43D45B45FB1EF3651F5 /* PersistentStore.swift */,
				D06774ABB4C77748103129B2 /* ScoreColor.swift */,
				50EF52634696C08EDA6ADA77 /* Vote.swift */,
			);
			path = Model;
			sourceTree = "<group>";
		};
		E08324CEA094E528816D0572 /* Products */ = {
			isa = PBXGroup;
			children = (
				5899B1EB2FB5B4610CF9E8C0 /* Risk.app */,
			);
			name = Products;
			sourceTree = "<group>";
		};
		EE03D19C6638C77ED2188DB4 /* Views */ = {
			isa = PBXGroup;
			children = (
				B0464D2FB8A74F296BBB839F /* CategoryPane.swift */,
				505376EC7E280B4248A8E64F /* DropZoneView.swift */,
				CA022B48AF17F823F095AAF2 /* ScoreCapsule.swift */,
				89C65E31E1856722F51F9E6C /* StartPane.swift */,
				D531CF49E7B6687116CCAE9F /* SummaryPane.swift */,
				5E22EA7E53A562E81A43FCDE /* TokenView.swift */,
			);
			path = Views;
			sourceTree = "<group>";
		};
/* End PBXGroup section */

/* Begin PBXNativeTarget section */
		BDB07F728C8C6705FDB603AE /* Risk */ = {
			isa = PBXNativeTarget;
			buildConfigurationList = FA17F502B70D2423D3D08824 /* Build configuration list for PBXNativeTarget "Risk" */;
			buildPhases = (
				847B13A34FDAE4A911FF242F /* Sources */,
				B6BC10A2FE3A86B993850F18 /* Resources */,
			);
			buildRules = (
			);
			dependencies = (
			);
			name = Risk;
			packageProductDependencies = (
			);
			productName = Risk;
			productReference = 5899B1EB2FB5B4610CF9E8C0 /* Risk.app */;
			productType = "com.apple.product-type.application";
		};
/* End PBXNativeTarget section */

/* Begin PBXProject section */
		839ED7722E7FA247EE0D0D04 /* Project object */ = {
			isa = PBXProject;
			attributes = {
				BuildIndependentTargetsInParallel = YES;
				LastUpgradeCheck = 1430;
				TargetAttributes = {
					BDB07F728C8C6705FDB603AE = {
						DevelopmentTeam = 6WCV8HHBRN;
						ProvisioningStyle = Automatic;
					};
				};
			};
			buildConfigurationList = A12A1216F1F82B8D7863FE30 /* Build configuration list for PBXProject "Risk" */;
			developmentRegion = en;
			hasScannedForEncodings = 0;
			knownRegions = (
				Base,
				en,
			);
			mainGroup = 90A977492A29CBF4C1A86AC5;
			minimizedProjectReferenceProxies = 1;
			preferredProjectObjectVersion = 77;
			productRefGroup = E08324CEA094E528816D0572 /* Products */;
			projectDirPath = "";
			projectRoot = "";
			targets = (
				BDB07F728C8C6705FDB603AE /* Risk */,
			);
		};
/* End PBXProject section */

/* Begin PBXResourcesBuildPhase section */
		B6BC10A2FE3A86B993850F18 /* Resources */ = {
			isa = PBXResourcesBuildPhase;
			buildActionMask = 2147483647;
			files = (
				D2864C1D797332AC2464D7DB /* Assets.xcassets in Resources */,
			);
			runOnlyForDeploymentPostprocessing = 0;
		};
/* End PBXResourcesBuildPhase section */

/* Begin PBXSourcesBuildPhase section */
		847B13A34FDAE4A911FF242F /* Sources */ = {
			isa = PBXSourcesBuildPhase;
			buildActionMask = 2147483647;
			files = (
				2500C38364594D5F10065AA6 /* AssessmentState.swift in Sources */,
				63DF5874B88878C608E38784 /* Category.swift in Sources */,
				1851AEF92B3D5F3241751947 /* CategoryPane.swift in Sources */,
				29D4AA7EED9859E540FEB728 /* ContentView.swift in Sources */,
				F62CCFB7BAE29582822084EC /* DropZoneView.swift in Sources */,
				046EBBA1212022CB6C32C65F /* PersistentStore.swift in Sources */,
				F611B39135DEA5AD93424FAB /* RiskApp.swift in Sources */,
				6BA66BA76F294D4504B7760D /* ScoreCapsule.swift in Sources */,
				D8746EE3F72A343C393AB287 /* ScoreColor.swift in Sources */,
				04AB23EFFF525824EFB20F71 /* StartPane.swift in Sources */,
				610CD038614546EFDDF4CCD2 /* SummaryPane.swift in Sources */,
				41F22DB4CE84BEE927E889F4 /* TokenView.swift in Sources */,
				1E9352B7418FB36F1B9CF0CA /* Vote.swift in Sources */,
			);
			runOnlyForDeploymentPostprocessing = 0;
		};
/* End PBXSourcesBuildPhase section */

/* Begin XCBuildConfiguration section */
		3DA5BF5354DB398FC7F22737 /* Release */ = {
			isa = XCBuildConfiguration;
			buildSettings = {
				ASSETCATALOG_COMPILER_APPICON_NAME = AppIcon;
				ASSETCATALOG_COMPILER_GLOBAL_ACCENT_COLOR_NAME = AccentColor;
				CODE_SIGN_IDENTITY = "iPhone Developer";
				CURRENT_PROJECT_VERSION = 1;
				GENERATE_INFOPLIST_FILE = YES;
				INFOPLIST_KEY_CFBundleDisplayName = Risk;
				INFOPLIST_KEY_UIApplicationSupportsIndirectInputEvents = YES;
				INFOPLIST_KEY_UILaunchScreen_Generation = YES;
				INFOPLIST_KEY_UISupportedInterfaceOrientations = UIInterfaceOrientationPortrait;
				LD_RUNPATH_SEARCH_PATHS = (
					"$(inherited)",
					"@executable_path/Frameworks",
				);
				MARKETING_VERSION = 0.1;
				PRODUCT_BUNDLE_IDENTIFIER = com.lucaswoj.risk;
				SDKROOT = iphoneos;
				SUPPORTED_PLATFORMS = "iphoneos iphonesimulator";
				SUPPORTS_MACCATALYST = NO;
				TARGETED_DEVICE_FAMILY = "1,2";
			};
			name = Release;
		};
		B437436E5D2B52C234B05CBD /* Release */ = {
			isa = XCBuildConfiguration;
			buildSettings = {
				ALWAYS_SEARCH_USER_PATHS = NO;
				CLANG_ANALYZER_NONNULL = YES;
				CLANG_ANALYZER_NUMBER_OBJECT_CONVERSION = YES_AGGRESSIVE;
				CLANG_CXX_LANGUAGE_STANDARD = "gnu++14";
				CLANG_CXX_LIBRARY = "libc++";
				CLANG_ENABLE_MODULES = YES;
				CLANG_ENABLE_OBJC_ARC = YES;
				CLANG_ENABLE_OBJC_WEAK = YES;
				CLANG_WARN_BLOCK_CAPTURE_AUTORELEASING = YES;
				CLANG_WARN_BOOL_CONVERSION = YES;
				CLANG_WARN_COMMA = YES;
				CLANG_WARN_CONSTANT_CONVERSION = YES;
				CLANG_WARN_DEPRECATED_OBJC_IMPLEMENTATIONS = YES;
				CLANG_WARN_DIRECT_OBJC_ISA_USAGE = YES_ERROR;
				CLANG_WARN_DOCUMENTATION_COMMENTS = YES;
				CLANG_WARN_EMPTY_BODY = YES;
				CLANG_WARN_ENUM_CONVERSION = YES;
				CLANG_WARN_INFINITE_RECURSION = YES;
				CLANG_WARN_INT_CONVERSION = YES;
				CLANG_WARN_NON_LITERAL_NULL_CONVERSION = YES;
				CLANG_WARN_OBJC_IMPLICIT_RETAIN_SELF = YES;
				CLANG_WARN_OBJC_LITERAL_CONVERSION = YES;
				CLANG_WARN_OBJC_ROOT_CLASS = YES_ERROR;
				CLANG_WARN_QUOTED_INCLUDE_IN_FRAMEWORK_HEADER = YES;
				CLANG_WARN_RANGE_LOOP_ANALYSIS = YES;
				CLANG_WARN_STRICT_PROTOTYPES = YES;
				CLANG_WARN_SUSPICIOUS_MOVE = YES;
				CLANG_WARN_UNGUARDED_AVAILABILITY = YES_AGGRESSIVE;
				CLANG_WARN_UNREACHABLE_CODE = YES;
				CLANG_WARN__DUPLICATE_METHOD_MATCH = YES;
				CODE_SIGN_STYLE = Automatic;
				COPY_PHASE_STRIP = NO;
				DEBUG_INFORMATION_FORMAT = "dwarf-with-dsym";
				DEVELOPMENT_TEAM = 6WCV8HHBRN;
				ENABLE_NS_ASSERTIONS = NO;
				ENABLE_STRICT_OBJC_MSGSEND = YES;
				GCC_C_LANGUAGE_STANDARD = gnu11;
				GCC_NO_COMMON_BLOCKS = YES;
				GCC_WARN_64_TO_32_BIT_CONVERSION = YES;
				GCC_WARN_ABOUT_RETURN_TYPE = YES_ERROR;
				GCC_WARN_UNDECLARED_SELECTOR = YES;
				GCC_WARN_UNINITIALIZED_AUTOS = YES_AGGRESSIVE;
				GCC_WARN_UNUSED_FUNCTION = YES;
				GCC_WARN_UNUSED_VARIABLE = YES;
				IPHONEOS_DEPLOYMENT_TARGET = 17.0;
				MTL_ENABLE_DEBUG_INFO = NO;
				MTL_FAST_MATH = YES;
				PRODUCT_NAME = "$(TARGET_NAME)";
				SDKROOT = iphoneos;
				SWIFT_COMPILATION_MODE = wholemodule;
				SWIFT_OPTIMIZATION_LEVEL = "-O";
				SWIFT_VERSION = 5.10;
			};
			name = Release;
		};
		C3FDCB9C358479D92A636632 /* Debug */ = {
			isa = XCBuildConfiguration;
			buildSettings = {
				ALWAYS_SEARCH_USER_PATHS = NO;
				CLANG_ANALYZER_NONNULL = YES;
				CLANG_ANALYZER_NUMBER_OBJECT_CONVERSION = YES_AGGRESSIVE;
				CLANG_CXX_LANGUAGE_STANDARD = "gnu++14";
				CLANG_CXX_LIBRARY = "libc++";
				CLANG_ENABLE_MODULES = YES;
				CLANG_ENABLE_OBJC_ARC = YES;
				CLANG_ENABLE_OBJC_WEAK = YES;
				CLANG_WARN_BLOCK_CAPTURE_AUTORELEASING = YES;
				CLANG_WARN_BOOL_CONVERSION = YES;
				CLANG_WARN_COMMA = YES;
				CLANG_WARN_CONSTANT_CONVERSION = YES;
				CLANG_WARN_DEPRECATED_OBJC_IMPLEMENTATIONS = YES;
				CLANG_WARN_DIRECT_OBJC_ISA_USAGE = YES_ERROR;
				CLANG_WARN_DOCUMENTATION_COMMENTS = YES;
				CLANG_WARN_EMPTY_BODY = YES;
				CLANG_WARN_ENUM_CONVERSION = YES;
				CLANG_WARN_INFINITE_RECURSION = YES;
				CLANG_WARN_INT_CONVERSION = YES;
				CLANG_WARN_NON_LITERAL_NULL_CONVERSION = YES;
				CLANG_WARN_OBJC_IMPLICIT_RETAIN_SELF = YES;
				CLANG_WARN_OBJC_LITERAL_CONVERSION = YES;
				CLANG_WARN_OBJC_ROOT_CLASS = YES_ERROR;
				CLANG_WARN_QUOTED_INCLUDE_IN_FRAMEWORK_HEADER = YES;
				CLANG_WARN_RANGE_LOOP_ANALYSIS = YES;
				CLANG_WARN_STRICT_PROTOTYPES = YES;
				CLANG_WARN_SUSPICIOUS_MOVE = YES;
				CLANG_WARN_UNGUARDED_AVAILABILITY = YES_AGGRESSIVE;
				CLANG_WARN_UNREACHABLE_CODE = YES;
				CLANG_WARN__DUPLICATE_METHOD_MATCH = YES;
				CODE_SIGN_STYLE = Automatic;
				COPY_PHASE_STRIP = NO;
				DEBUG_INFORMATION_FORMAT = dwarf;
				DEVELOPMENT_TEAM = 6WCV8HHBRN;
				ENABLE_STRICT_OBJC_MSGSEND = YES;
				ENABLE_TESTABILITY = YES;
				GCC_C_LANGUAGE_STANDARD = gnu11;
				GCC_DYNAMIC_NO_PIC = NO;
				GCC_NO_COMMON_BLOCKS = YES;
				GCC_OPTIMIZATION_LEVEL = 0;
				GCC_PREPROCESSOR_DEFINITIONS = (
					"$(inherited)",
					"DEBUG=1",
				);
				GCC_WARN_64_TO_32_BIT_CONVERSION = YES;
				GCC_WARN_ABOUT_RETURN_TYPE = YES_ERROR;
				GCC_WARN_UNDECLARED_SELECTOR = YES;
				GCC_WARN_UNINITIALIZED_AUTOS = YES_AGGRESSIVE;
				GCC_WARN_UNUSED_FUNCTION = YES;
				GCC_WARN_UNUSED_VARIABLE = YES;
				IPHONEOS_DEPLOYMENT_TARGET = 17.0;
				MTL_ENABLE_DEBUG_INFO = INCLUDE_SOURCE;
				MTL_FAST_MATH = YES;
				ONLY_ACTIVE_ARCH = YES;
				PRODUCT_NAME = "$(TARGET_NAME)";
				SDKROOT = iphoneos;
				SWIFT_ACTIVE_COMPILATION_CONDITIONS = DEBUG;
				SWIFT_OPTIMIZATION_LEVEL = "-Onone";
				SWIFT_VERSION = 5.10;
			};
			name = Debug;
		};
		E03E8C2BB32A1FB11FAAD03E /* Debug */ = {
			isa = XCBuildConfiguration;
			buildSettings = {
				ASSETCATALOG_COMPILER_APPICON_NAME = AppIcon;
				ASSETCATALOG_COMPILER_GLOBAL_ACCENT_COLOR_NAME = AccentColor;
				CODE_SIGN_IDENTITY = "iPhone Developer";
				CURRENT_PROJECT_VERSION = 1;
				GENERATE_INFOPLIST_FILE = YES;
				INFOPLIST_KEY_CFBundleDisplayName = Risk;
				INFOPLIST_KEY_UIApplicationSupportsIndirectInputEvents = YES;
				INFOPLIST_KEY_UILaunchScreen_Generation = YES;
				INFOPLIST_KEY_UISupportedInterfaceOrientations = UIInterfaceOrientationPortrait;
				LD_RUNPATH_SEARCH_PATHS = (
					"$(inherited)",
					"@executable_path/Frameworks",
				);
				MARKETING_VERSION = 0.1;
				PRODUCT_BUNDLE_IDENTIFIER = com.lucaswoj.risk;
				SDKROOT = iphoneos;
				SUPPORTED_PLATFORMS = "iphoneos iphonesimulator";
				SUPPORTS_MACCATALYST = NO;
				TARGETED_DEVICE_FAMILY = "1,2";
			};
			name = Debug;
		};
/* End XCBuildConfiguration section */

/* Begin XCConfigurationList section */
		A12A1216F1F82B8D7863FE30 /* Build configuration list for PBXProject "Risk" */ = {
			isa = XCConfigurationList;
			buildConfigurations = (
				C3FDCB9C358479D92A636632 /* Debug */,
				B437436E5D2B52C234B05CBD /* Release */,
			);
			defaultConfigurationIsVisible = 0;
			defaultConfigurationName = Debug;
		};
		FA17F502B70D2423D3D08824 /* Build configuration list for PBXNativeTarget "Risk" */ = {
			isa = XCConfigurationList;
			buildConfigurations = (
				E03E8C2BB32A1FB11FAAD03E /* Debug */,
				3DA5BF5354DB398FC7F22737 /* Release */,
			);
			defaultConfigurationIsVisible = 0;
			defaultConfigurationName = Debug;
		};
/* End XCConfigurationList section */
	};
	rootObject = 839ED7722E7FA247EE0D0D04 /* Project object */;
}
